
Microsoft Visual Studio Solution File, Format Version 12.00
# Visual Studio 15
VisualStudioVersion = 15.0.27703.2047
MinimumVisualStudioVersion = 10.0.40219.1
Project("{9A19103F-16F7-4668-BE54-9A1E7A4F7556}") = "WoMFramework", "WoMFramework\WoMFramework.csproj", "{7D95CF07-DBAA-4E4E-8D78-C25D9D9F971A}"
EndProject
Project("{9A19103F-16F7-4668-BE54-9A1E7A4F7556}") = "WoMFrameworkTest", "WoMFrameworkTest\WoMFrameworkTest.csproj", "{EBD53395-BB1C-4826-86FF-8A6469A5304E}"
EndProject
Project("{9A19103F-16F7-4668-BE54-9A1E7A4F7556}") = "WoMWallet", "WoMWallet\WoMWallet.csproj", "{D612E785-1581-4B81-81F5-1E60CA5283A8}"
EndProject
Project("{9A19103F-16F7-4668-BE54-9A1E7A4F7556}") = "WoMWalletTest", "WoMWalletTest\WoMWalletTest.csproj", "{DFDDD284-FAF1-4B2D-8C66-5B8FFC171CBC}"
EndProject
Project("{9A19103F-16F7-4668-BE54-9A1E7A4F7556}") = "WoMSadGui", "WoMSadGui\WoMSadGui.csproj", "{8DDA2A27-FF79-4FDB-8BAA-403FED0B8E0C}"
EndProject
Project("{9A19103F-16F7-4668-BE54-9A1E7A4F7556}") = "WoMDatabase", "WoMDatabase\WoMDatabase.csproj", "{DE94F83E-E534-48A5-8ED4-671AC3143ED7}"
EndProject
Global
	GlobalSection(SolutionConfigurationPlatforms) = preSolution
		Debug|Any CPU = Debug|Any CPU
		Release|Any CPU = Release|Any CPU
	EndGlobalSection
	GlobalSection(ProjectConfigurationPlatforms) = postSolution
		{7D95CF07-DBAA-4E4E-8D78-C25D9D9F971A}.Debug|Any CPU.ActiveCfg = Debug|Any CPU
		{7D95CF07-DBAA-4E4E-8D78-C25D9D9F971A}.Debug|Any CPU.Build.0 = Debug|Any CPU
		{7D95CF07-DBAA-4E4E-8D78-C25D9D9F971A}.Release|Any CPU.ActiveCfg = Release|Any CPU
		{7D95CF07-DBAA-4E4E-8D78-C25D9D9F971A}.Release|Any CPU.Build.0 = Release|Any CPU
		{EBD53395-BB1C-4826-86FF-8A6469A5304E}.Debug|Any CPU.ActiveCfg = Debug|Any CPU
		{EBD53395-BB1C-4826-86FF-8A6469A5304E}.Debug|Any CPU.Build.0 = Debug|Any CPU
		{EBD53395-BB1C-4826-86FF-8A6469A5304E}.Release|Any CPU.ActiveCfg = Release|Any CPU
		{EBD53395-BB1C-4826-86FF-8A6469A5304E}.Release|Any CPU.Build.0 = Release|Any CPU
		{D612E785-1581-4B81-81F5-1E60CA5283A8}.Debug|Any CPU.ActiveCfg = Debug|Any CPU
		{D612E785-1581-4B81-81F5-1E60CA5283A8}.Debug|Any CPU.Build.0 = Debug|Any CPU
		{D612E785-1581-4B81-81F5-1E60CA5283A8}.Release|Any CPU.ActiveCfg = Release|Any CPU
		{D612E785-1581-4B81-81F5-1E60CA5283A8}.Release|Any CPU.Build.0 = Release|Any CPU
		{DFDDD284-FAF1-4B2D-8C66-5B8FFC171CBC}.Debug|Any CPU.ActiveCfg = Debug|Any CPU
		{DFDDD284-FAF1-4B2D-8C66-5B8FFC171CBC}.Debug|Any CPU.Build.0 = Debug|Any CPU
		{DFDDD284-FAF1-4B2D-8C66-5B8FFC171CBC}.Release|Any CPU.ActiveCfg = Release|Any CPU
		{DFDDD284-FAF1-4B2D-8C66-5B8FFC171CBC}.Release|Any CPU.Build.0 = Release|Any CPU
		{8DDA2A27-FF79-4FDB-8BAA-403FED0B8E0C}.Debug|Any CPU.ActiveCfg = Debug|Any CPU
		{8DDA2A27-FF79-4FDB-8BAA-403FED0B8E0C}.Debug|Any CPU.Build.0 = Debug|Any CPU
		{8DDA2A27-FF79-4FDB-8BAA-403FED0B8E0C}.Release|Any CPU.ActiveCfg = Release|Any CPU
		{8DDA2A27-FF79-4FDB-8BAA-403FED0B8E0C}.Release|Any CPU.Build.0 = Release|Any CPU
		{DE94F83E-E534-48A5-8ED4-671AC3143ED7}.Debug|Any CPU.ActiveCfg = Debug|Any CPU
		{DE94F83E-E534-48A5-8ED4-671AC3143ED7}.Debug|Any CPU.Build.0 = Debug|Any CPU
		{DE94F83E-E534-48A5-8ED4-671AC3143ED7}.Release|Any CPU.ActiveCfg = Release|Any CPU
		{DE94F83E-E534-48A5-8ED4-671AC3143ED7}.Release|Any CPU.Build.0 = Release|Any CPU
	EndGlobalSection
	GlobalSection(SolutionProperties) = preSolution
		HideSolutionNode = FALSE
	EndGlobalSection
	GlobalSection(ExtensibilityGlobals) = postSolution
		SolutionGuid = {D8BE45D8-7D13-46B9-A19E-2D0EA011C430}
	EndGlobalSection
EndGlobal
