
Microsoft Visual Studio Solution File, Format Version 12.00
# Visual Studio 15
VisualStudioVersion = 15.0.27703.2047
MinimumVisualStudioVersion = 10.0.40219.1
Project("{FAE04EC0-301F-11D3-BF4B-00C04F79EFBC}") = "WoMFramework", "WoMFramework\WoMFramework.csproj", "{7D95CF07-DBAA-4E4E-8D78-C25D9D9F971A}"
EndProject
Project("{FAE04EC0-301F-11D3-BF4B-00C04F79EFBC}") = "WoMFrameworkTest", "WoMFrameworkTest\WoMFrameworkTest.csproj", "{EBD53395-BB1C-4826-86FF-8A6469A5304E}"
EndProject
Project("{FAE04EC0-301F-11D3-BF4B-00C04F79EFBC}") = "WoMWallet", "WoMWallet\WoMWallet.csproj", "{D612E785-1581-4B81-81F5-1E60CA5283A8}"
EndProject
Project("{FAE04EC0-301F-11D3-BF4B-00C04F79EFBC}") = "WoMWalletTest", "WoMWalletTest\WoMWalletTest.csproj", "{DFDDD284-FAF1-4B2D-8C66-5B8FFC171CBC}"
EndProject
Global
	GlobalSection(SolutionConfigurationPlatforms) = preSolution
		Debug|Any CPU = Debug|Any CPU
		Release|Any CPU = Release|Any CPU
	EndGlobalSection
	GlobalSection(ProjectConfigurationPlatforms) = postSolution
		{7D95CF07-DBAA-4E4E-8D78-C25D9D9F971A}.Debug|Any CPU.ActiveCfg = Debug|Any CPU
		{7D95CF07-DBAA-4E4E-8D78-C25D9D9F971A}.Debug|Any CPU.Build.0 = Debug|Any CPU
		{7D95CF07-DBAA-4E4E-8D78-C25D9D9F971A}.Release|Any CPU.ActiveCfg = Release|Any CPU
		{7D95CF07-DBAA-4E4E-8D78-C25D9D9F971A}.Release|Any CPU.Build.0 = Release|Any CPU
		{EBD53395-BB1C-4826-86FF-8A6469A5304E}.Debug|Any CPU.ActiveCfg = Debug|Any CPU
		{EBD53395-BB1C-4826-86FF-8A6469A5304E}.Debug|Any CPU.Build.0 = Debug|Any CPU
		{EBD53395-BB1C-4826-86FF-8A6469A5304E}.Release|Any CPU.ActiveCfg = Release|Any CPU
		{EBD53395-BB1C-4826-86FF-8A6469A5304E}.Release|Any CPU.Build.0 = Release|Any CPU
		{D612E785-1581-4B81-81F5-1E60CA5283A8}.Debug|Any CPU.ActiveCfg = Debug|Any CPU
		{D612E785-1581-4B81-81F5-1E60CA5283A8}.Debug|Any CPU.Build.0 = Debug|Any CPU
		{D612E785-1581-4B81-81F5-1E60CA5283A8}.Release|Any CPU.ActiveCfg = Release|Any CPU
		{D612E785-1581-4B81-81F5-1E60CA5283A8}.Release|Any CPU.Build.0 = Release|Any CPU
		{DFDDD284-FAF1-4B2D-8C66-5B8FFC171CBC}.Debug|Any CPU.ActiveCfg = Debug|Any CPU
		{DFDDD284-FAF1-4B2D-8C66-5B8FFC171CBC}.Debug|Any CPU.Build.0 = Debug|Any CPU
		{DFDDD284-FAF1-4B2D-8C66-5B8FFC171CBC}.Release|Any CPU.ActiveCfg = Release|Any CPU
		{DFDDD284-FAF1-4B2D-8C66-5B8FFC171CBC}.Release|Any CPU.Build.0 = Release|Any CPU
	EndGlobalSection
	GlobalSection(SolutionProperties) = preSolution
		HideSolutionNode = FALSE
	EndGlobalSection
	GlobalSection(ExtensibilityGlobals) = postSolution
		SolutionGuid = {D8BE45D8-7D13-46B9-A19E-2D0EA011C430}
	EndGlobalSection
EndGlobal
